// !$*UTF8*$!
{
	archiveVersion = 1;
	classes = {
	};
	objectVersion = 50;
	objects = {

/* Begin PBXBuildFile section */
		34A4303A2351EC03000839E2 /* ToDoItem.swift in Sources */ = {isa = PBXBuildFile; fileRef = 34A430392351EC03000839E2 /* ToDoItem.swift */; };
		34A4303C2351F952000839E2 /* ToDoItemView.swift in Sources */ = {isa = PBXBuildFile; fileRef = 34A4303B2351F952000839E2 /* ToDoItemView.swift */; };
		8DCBDF082351D1B300C80CA2 /* AppDelegate.swift in Sources */ = {isa = PBXBuildFile; fileRef = 8DCBDF072351D1B300C80CA2 /* AppDelegate.swift */; };
		8DCBDF0A2351D1B300C80CA2 /* SceneDelegate.swift in Sources */ = {isa = PBXBuildFile; fileRef = 8DCBDF092351D1B300C80CA2 /* SceneDelegate.swift */; };
		8DCBDF0D2351D1B300C80CA2 /* GymTrainer.xcdatamodeld in Sources */ = {isa = PBXBuildFile; fileRef = 8DCBDF0B2351D1B300C80CA2 /* GymTrainer.xcdatamodeld */; };
		8DCBDF0F2351D1B300C80CA2 /* ContentView.swift in Sources */ = {isa = PBXBuildFile; fileRef = 8DCBDF0E2351D1B300C80CA2 /* ContentView.swift */; };
		8DCBDF112351D1B500C80CA2 /* Assets.xcassets in Resources */ = {isa = PBXBuildFile; fileRef = 8DCBDF102351D1B500C80CA2 /* Assets.xcassets */; };
		8DCBDF142351D1B500C80CA2 /* Preview Assets.xcassets in Resources */ = {isa = PBXBuildFile; fileRef = 8DCBDF132351D1B500C80CA2 /* Preview Assets.xcassets */; };
		8DCBDF172351D1B500C80CA2 /* LaunchScreen.storyboard in Resources */ = {isa = PBXBuildFile; fileRef = 8DCBDF152351D1B500C80CA2 /* LaunchScreen.storyboard */; };
		8DCBDF222351D1B500C80CA2 /* GymTrainerTests.swift in Sources */ = {isa = PBXBuildFile; fileRef = 8DCBDF212351D1B500C80CA2 /* GymTrainerTests.swift */; };
		8DCBDF2D2351D1B500C80CA2 /* GymTrainerUITests.swift in Sources */ = {isa = PBXBuildFile; fileRef = 8DCBDF2C2351D1B500C80CA2 /* GymTrainerUITests.swift */; };
/* End PBXBuildFile section */

/* Begin PBXContainerItemProxy section */
		8DCBDF1E2351D1B500C80CA2 /* PBXContainerItemProxy */ = {
			isa = PBXContainerItemProxy;
			containerPortal = 8DCBDEFC2351D1B300C80CA2 /* Project object */;
			proxyType = 1;
			remoteGlobalIDString = 8DCBDF032351D1B300C80CA2;
			remoteInfo = GymTrainer;
		};
		8DCBDF292351D1B500C80CA2 /* PBXContainerItemProxy */ = {
			isa = PBXContainerItemProxy;
			containerPortal = 8DCBDEFC2351D1B300C80CA2 /* Project object */;
			proxyType = 1;
			remoteGlobalIDString = 8DCBDF032351D1B300C80CA2;
			remoteInfo = GymTrainer;
		};
/* End PBXContainerItemProxy section */

/* Begin PBXFileReference section */
		34A430392351EC03000839E2 /* ToDoItem.swift */ = {isa = PBXFileReference; lastKnownFileType = sourcecode.swift; path = ToDoItem.swift; sourceTree = "<group>"; };
		34A4303B2351F952000839E2 /* ToDoItemView.swift */ = {isa = PBXFileReference; lastKnownFileType = sourcecode.swift; path = ToDoItemView.swift; sourceTree = "<group>"; };
		8DCBDF042351D1B300C80CA2 /* GymTrainer.app */ = {isa = PBXFileReference; explicitFileType = wrapper.application; includeInIndex = 0; path = GymTrainer.app; sourceTree = BUILT_PRODUCTS_DIR; };
		8DCBDF072351D1B300C80CA2 /* AppDelegate.swift */ = {isa = PBXFileReference; lastKnownFileType = sourcecode.swift; path = AppDelegate.swift; sourceTree = "<group>"; };
		8DCBDF092351D1B300C80CA2 /* SceneDelegate.swift */ = {isa = PBXFileReference; lastKnownFileType = sourcecode.swift; path = SceneDelegate.swift; sourceTree = "<group>"; };
		8DCBDF0C2351D1B300C80CA2 /* GymTrainer.xcdatamodel */ = {isa = PBXFileReference; lastKnownFileType = wrapper.xcdatamodel; path = GymTrainer.xcdatamodel; sourceTree = "<group>"; };
		8DCBDF0E2351D1B300C80CA2 /* ContentView.swift */ = {isa = PBXFileReference; lastKnownFileType = sourcecode.swift; path = ContentView.swift; sourceTree = "<group>"; };
		8DCBDF102351D1B500C80CA2 /* Assets.xcassets */ = {isa = PBXFileReference; lastKnownFileType = folder.assetcatalog; path = Assets.xcassets; sourceTree = "<group>"; };
		8DCBDF132351D1B500C80CA2 /* Preview Assets.xcassets */ = {isa = PBXFileReference; lastKnownFileType = folder.assetcatalog; path = "Preview Assets.xcassets"; sourceTree = "<group>"; };
		8DCBDF162351D1B500C80CA2 /* Base */ = {isa = PBXFileReference; lastKnownFileType = file.storyboard; name = Base; path = Base.lproj/LaunchScreen.storyboard; sourceTree = "<group>"; };
		8DCBDF182351D1B500C80CA2 /* Info.plist */ = {isa = PBXFileReference; lastKnownFileType = text.plist.xml; path = Info.plist; sourceTree = "<group>"; };
		8DCBDF1D2351D1B500C80CA2 /* GymTrainerTests.xctest */ = {isa = PBXFileReference; explicitFileType = wrapper.cfbundle; includeInIndex = 0; path = GymTrainerTests.xctest; sourceTree = BUILT_PRODUCTS_DIR; };
		8DCBDF212351D1B500C80CA2 /* GymTrainerTests.swift */ = {isa = PBXFileReference; lastKnownFileType = sourcecode.swift; path = GymTrainerTests.swift; sourceTree = "<group>"; };
		8DCBDF232351D1B500C80CA2 /* Info.plist */ = {isa = PBXFileReference; lastKnownFileType = text.plist.xml; path = Info.plist; sourceTree = "<group>"; };
		8DCBDF282351D1B500C80CA2 /* GymTrainerUITests.xctest */ = {isa = PBXFileReference; explicitFileType = wrapper.cfbundle; includeInIndex = 0; path = GymTrainerUITests.xctest; sourceTree = BUILT_PRODUCTS_DIR; };
		8DCBDF2C2351D1B500C80CA2 /* GymTrainerUITests.swift */ = {isa = PBXFileReference; lastKnownFileType = sourcecode.swift; path = GymTrainerUITests.swift; sourceTree = "<group>"; };
		8DCBDF2E2351D1B500C80CA2 /* Info.plist */ = {isa = PBXFileReference; lastKnownFileType = text.plist.xml; path = Info.plist; sourceTree = "<group>"; };
/* End PBXFileReference section */

/* Begin PBXFrameworksBuildPhase section */
		8DCBDF012351D1B300C80CA2 /* Frameworks */ = {
			isa = PBXFrameworksBuildPhase;
			buildActionMask = 2147483647;
			files = (
			);
			runOnlyForDeploymentPostprocessing = 0;
		};
		8DCBDF1A2351D1B500C80CA2 /* Frameworks */ = {
			isa = PBXFrameworksBuildPhase;
			buildActionMask = 2147483647;
			files = (
			);
			runOnlyForDeploymentPostprocessing = 0;
		};
		8DCBDF252351D1B500C80CA2 /* Frameworks */ = {
			isa = PBXFrameworksBuildPhase;
			buildActionMask = 2147483647;
			files = (
			);
			runOnlyForDeploymentPostprocessing = 0;
		};
/* End PBXFrameworksBuildPhase section */

/* Begin PBXGroup section */
		8DCBDEFB2351D1B300C80CA2 = {
			isa = PBXGroup;
			children = (
				34A4303B2351F952000839E2 /* ToDoItemView.swift */,
				8DCBDF062351D1B300C80CA2 /* GymTrainer */,
				8DCBDF202351D1B500C80CA2 /* GymTrainerTests */,
				8DCBDF2B2351D1B500C80CA2 /* GymTrainerUITests */,
				8DCBDF052351D1B300C80CA2 /* Products */,
			);
			sourceTree = "<group>";
		};
		8DCBDF052351D1B300C80CA2 /* Products */ = {
			isa = PBXGroup;
			children = (
				8DCBDF042351D1B300C80CA2 /* GymTrainer.app */,
				8DCBDF1D2351D1B500C80CA2 /* GymTrainerTests.xctest */,
				8DCBDF282351D1B500C80CA2 /* GymTrainerUITests.xctest */,
			);
			name = Products;
			sourceTree = "<group>";
		};
		8DCBDF062351D1B300C80CA2 /* GymTrainer */ = {
			isa = PBXGroup;
			children = (
				8DCBDF072351D1B300C80CA2 /* AppDelegate.swift */,
				8DCBDF092351D1B300C80CA2 /* SceneDelegate.swift */,
				8DCBDF0E2351D1B300C80CA2 /* ContentView.swift */,
				34A430392351EC03000839E2 /* ToDoItem.swift */,
				8DCBDF102351D1B500C80CA2 /* Assets.xcassets */,
				8DCBDF152351D1B500C80CA2 /* LaunchScreen.storyboard */,
				8DCBDF182351D1B500C80CA2 /* Info.plist */,
				8DCBDF0B2351D1B300C80CA2 /* GymTrainer.xcdatamodeld */,
				8DCBDF122351D1B500C80CA2 /* Preview Content */,
			);
			path = GymTrainer;
			sourceTree = "<group>";
		};
		8DCBDF122351D1B500C80CA2 /* Preview Content */ = {
			isa = PBXGroup;
			children = (
				8DCBDF132351D1B500C80CA2 /* Preview Assets.xcassets */,
			);
			path = "Preview Content";
			sourceTree = "<group>";
		};
		8DCBDF202351D1B500C80CA2 /* GymTrainerTests */ = {
			isa = PBXGroup;
			children = (
				8DCBDF212351D1B500C80CA2 /* GymTrainerTests.swift */,
				8DCBDF232351D1B500C80CA2 /* Info.plist */,
			);
			path = GymTrainerTests;
			sourceTree = "<group>";
		};
		8DCBDF2B2351D1B500C80CA2 /* GymTrainerUITests */ = {
			isa = PBXGroup;
			children = (
				8DCBDF2C2351D1B500C80CA2 /* GymTrainerUITests.swift */,
				8DCBDF2E2351D1B500C80CA2 /* Info.plist */,
			);
			path = GymTrainerUITests;
			sourceTree = "<group>";
		};
/* End PBXGroup section */

/* Begin PBXNativeTarget section */
		8DCBDF032351D1B300C80CA2 /* GymTrainer */ = {
			isa = PBXNativeTarget;
			buildConfigurationList = 8DCBDF312351D1B500C80CA2 /* Build configuration list for PBXNativeTarget "GymTrainer" */;
			buildPhases = (
				8DCBDF002351D1B300C80CA2 /* Sources */,
				8DCBDF012351D1B300C80CA2 /* Frameworks */,
				8DCBDF022351D1B300C80CA2 /* Resources */,
			);
			buildRules = (
			);
			dependencies = (
			);
			name = GymTrainer;
			productName = GymTrainer;
			productReference = 8DCBDF042351D1B300C80CA2 /* GymTrainer.app */;
			productType = "com.apple.product-type.application";
		};
		8DCBDF1C2351D1B500C80CA2 /* GymTrainerTests */ = {
			isa = PBXNativeTarget;
			buildConfigurationList = 8DCBDF342351D1B500C80CA2 /* Build configuration list for PBXNativeTarget "GymTrainerTests" */;
			buildPhases = (
				8DCBDF192351D1B500C80CA2 /* Sources */,
				8DCBDF1A2351D1B500C80CA2 /* Frameworks */,
				8DCBDF1B2351D1B500C80CA2 /* Resources */,
			);
			buildRules = (
			);
			dependencies = (
				8DCBDF1F2351D1B500C80CA2 /* PBXTargetDependency */,
			);
			name = GymTrainerTests;
			productName = GymTrainerTests;
			productReference = 8DCBDF1D2351D1B500C80CA2 /* GymTrainerTests.xctest */;
			productType = "com.apple.product-type.bundle.unit-test";
		};
		8DCBDF272351D1B500C80CA2 /* GymTrainerUITests */ = {
			isa = PBXNativeTarget;
			buildConfigurationList = 8DCBDF372351D1B500C80CA2 /* Build configuration list for PBXNativeTarget "GymTrainerUITests" */;
			buildPhases = (
				8DCBDF242351D1B500C80CA2 /* Sources */,
				8DCBDF252351D1B500C80CA2 /* Frameworks */,
				8DCBDF262351D1B500C80CA2 /* Resources */,
			);
			buildRules = (
			);
			dependencies = (
				8DCBDF2A2351D1B500C80CA2 /* PBXTargetDependency */,
			);
			name = GymTrainerUITests;
			productName = GymTrainerUITests;
			productReference = 8DCBDF282351D1B500C80CA2 /* GymTrainerUITests.xctest */;
			productType = "com.apple.product-type.bundle.ui-testing";
		};
/* End PBXNativeTarget section */

/* Begin PBXProject section */
		8DCBDEFC2351D1B300C80CA2 /* Project object */ = {
			isa = PBXProject;
			attributes = {
				LastSwiftUpdateCheck = 1110;
				LastUpgradeCheck = 1110;
				ORGANIZATIONNAME = "DFG Team";
				TargetAttributes = {
					8DCBDF032351D1B300C80CA2 = {
						CreatedOnToolsVersion = 11.1;
					};
					8DCBDF1C2351D1B500C80CA2 = {
						CreatedOnToolsVersion = 11.1;
						TestTargetID = 8DCBDF032351D1B300C80CA2;
					};
					8DCBDF272351D1B500C80CA2 = {
						CreatedOnToolsVersion = 11.1;
						TestTargetID = 8DCBDF032351D1B300C80CA2;
					};
				};
			};
			buildConfigurationList = 8DCBDEFF2351D1B300C80CA2 /* Build configuration list for PBXProject "GymTrainer" */;
			compatibilityVersion = "Xcode 9.3";
			developmentRegion = en;
			hasScannedForEncodings = 0;
			knownRegions = (
				en,
				Base,
			);
			mainGroup = 8DCBDEFB2351D1B300C80CA2;
			productRefGroup = 8DCBDF052351D1B300C80CA2 /* Products */;
			projectDirPath = "";
			projectRoot = "";
			targets = (
				8DCBDF032351D1B300C80CA2 /* GymTrainer */,
				8DCBDF1C2351D1B500C80CA2 /* GymTrainerTests */,
				8DCBDF272351D1B500C80CA2 /* GymTrainerUITests */,
			);
		};
/* End PBXProject section */

/* Begin PBXResourcesBuildPhase section */
		8DCBDF022351D1B300C80CA2 /* Resources */ = {
			isa = PBXResourcesBuildPhase;
			buildActionMask = 2147483647;
			files = (
				8DCBDF172351D1B500C80CA2 /* LaunchScreen.storyboard in Resources */,
				8DCBDF142351D1B500C80CA2 /* Preview Assets.xcassets in Resources */,
				8DCBDF112351D1B500C80CA2 /* Assets.xcassets in Resources */,
			);
			runOnlyForDeploymentPostprocessing = 0;
		};
		8DCBDF1B2351D1B500C80CA2 /* Resources */ = {
			isa = PBXResourcesBuildPhase;
			buildActionMask = 2147483647;
			files = (
			);
			runOnlyForDeploymentPostprocessing = 0;
		};
		8DCBDF262351D1B500C80CA2 /* Resources */ = {
			isa = PBXResourcesBuildPhase;
			buildActionMask = 2147483647;
			files = (
			);
			runOnlyForDeploymentPostprocessing = 0;
		};
/* End PBXResourcesBuildPhase section */

/* Begin PBXSourcesBuildPhase section */
		8DCBDF002351D1B300C80CA2 /* Sources */ = {
			isa = PBXSourcesBuildPhase;
			buildActionMask = 2147483647;
			files = (
				8DCBDF082351D1B300C80CA2 /* AppDelegate.swift in Sources */,
				34A4303C2351F952000839E2 /* ToDoItemView.swift in Sources */,
				8DCBDF0D2351D1B300C80CA2 /* GymTrainer.xcdatamodeld in Sources */,
				34A4303A2351EC03000839E2 /* ToDoItem.swift in Sources */,
				8DCBDF0F2351D1B300C80CA2 /* ContentView.swift in Sources */,
				8DCBDF0A2351D1B300C80CA2 /* SceneDelegate.swift in Sources */,
			);
			runOnlyForDeploymentPostprocessing = 0;
		};
		8DCBDF192351D1B500C80CA2 /* Sources */ = {
			isa = PBXSourcesBuildPhase;
			buildActionMask = 2147483647;
			files = (
				8DCBDF222351D1B500C80CA2 /* GymTrainerTests.swift in Sources */,
			);
			runOnlyForDeploymentPostprocessing = 0;
		};
		8DCBDF242351D1B500C80CA2 /* Sources */ = {
			isa = PBXSourcesBuildPhase;
			buildActionMask = 2147483647;
			files = (
				8DCBDF2D2351D1B500C80CA2 /* GymTrainerUITests.swift in Sources */,
			);
			runOnlyForDeploymentPostprocessing = 0;
		};
/* End PBXSourcesBuildPhase section */

/* Begin PBXTargetDependency section */
		8DCBDF1F2351D1B500C80CA2 /* PBXTargetDependency */ = {
			isa = PBXTargetDependency;
			target = 8DCBDF032351D1B300C80CA2 /* GymTrainer */;
			targetProxy = 8DCBDF1E2351D1B500C80CA2 /* PBXContainerItemProxy */;
		};
		8DCBDF2A2351D1B500C80CA2 /* PBXTargetDependency */ = {
			isa = PBXTargetDependency;
			target = 8DCBDF032351D1B300C80CA2 /* GymTrainer */;
			targetProxy = 8DCBDF292351D1B500C80CA2 /* PBXContainerItemProxy */;
		};
/* End PBXTargetDependency section */

/* Begin PBXVariantGroup section */
		8DCBDF152351D1B500C80CA2 /* LaunchScreen.storyboard */ = {
			isa = PBXVariantGroup;
			children = (
				8DCBDF162351D1B500C80CA2 /* Base */,
			);
			name = LaunchScreen.storyboard;
			sourceTree = "<group>";
		};
/* End PBXVariantGroup section */

/* Begin XCBuildConfiguration section */
		8DCBDF2F2351D1B500C80CA2 /* Debug */ = {
			isa = XCBuildConfiguration;
			buildSettings = {
				ALWAYS_SEARCH_USER_PATHS = NO;
				CLANG_ANALYZER_NONNULL = YES;
				CLANG_ANALYZER_NUMBER_OBJECT_CONVERSION = YES_AGGRESSIVE;
				CLANG_CXX_LANGUAGE_STANDARD = "gnu++14";
				CLANG_CXX_LIBRARY = "libc++";
				CLANG_ENABLE_MODULES = YES;
				CLANG_ENABLE_OBJC_ARC = YES;
				CLANG_ENABLE_OBJC_WEAK = YES;
				CLANG_WARN_BLOCK_CAPTURE_AUTORELEASING = YES;
				CLANG_WARN_BOOL_CONVERSION = YES;
				CLANG_WARN_COMMA = YES;
				CLANG_WARN_CONSTANT_CONVERSION = YES;
				CLANG_WARN_DEPRECATED_OBJC_IMPLEMENTATIONS = YES;
				CLANG_WARN_DIRECT_OBJC_ISA_USAGE = YES_ERROR;
				CLANG_WARN_DOCUMENTATION_COMMENTS = YES;
				CLANG_WARN_EMPTY_BODY = YES;
				CLANG_WARN_ENUM_CONVERSION = YES;
				CLANG_WARN_INFINITE_RECURSION = YES;
				CLANG_WARN_INT_CONVERSION = YES;
				CLANG_WARN_NON_LITERAL_NULL_CONVERSION = YES;
				CLANG_WARN_OBJC_IMPLICIT_RETAIN_SELF = YES;
				CLANG_WARN_OBJC_LITERAL_CONVERSION = YES;
				CLANG_WARN_OBJC_ROOT_CLASS = YES_ERROR;
				CLANG_WARN_RANGE_LOOP_ANALYSIS = YES;
				CLANG_WARN_STRICT_PROTOTYPES = YES;
				CLANG_WARN_SUSPICIOUS_MOVE = YES;
				CLANG_WARN_UNGUARDED_AVAILABILITY = YES_AGGRESSIVE;
				CLANG_WARN_UNREACHABLE_CODE = YES;
				CLANG_WARN__DUPLICATE_METHOD_MATCH = YES;
				COPY_PHASE_STRIP = NO;
				DEBUG_INFORMATION_FORMAT = dwarf;
				ENABLE_STRICT_OBJC_MSGSEND = YES;
				ENABLE_TESTABILITY = YES;
				GCC_C_LANGUAGE_STANDARD = gnu11;
				GCC_DYNAMIC_NO_PIC = NO;
				GCC_NO_COMMON_BLOCKS = YES;
				GCC_OPTIMIZATION_LEVEL = 0;
				GCC_PREPROCESSOR_DEFINITIONS = (
					"DEBUG=1",
					"$(inherited)",
				);
				GCC_WARN_64_TO_32_BIT_CONVERSION = YES;
				GCC_WARN_ABOUT_RETURN_TYPE = YES_ERROR;
				GCC_WARN_UNDECLARED_SELECTOR = YES;
				GCC_WARN_UNINITIALIZED_AUTOS = YES_AGGRESSIVE;
				GCC_WARN_UNUSED_FUNCTION = YES;
				GCC_WARN_UNUSED_VARIABLE = YES;
				IPHONEOS_DEPLOYMENT_TARGET = 13.1;
				MTL_ENABLE_DEBUG_INFO = INCLUDE_SOURCE;
				MTL_FAST_MATH = YES;
				ONLY_ACTIVE_ARCH = YES;
				SDKROOT = iphoneos;
				SWIFT_ACTIVE_COMPILATION_CONDITIONS = DEBUG;
				SWIFT_OPTIMIZATION_LEVEL = "-Onone";
			};
			name = Debug;
		};
		8DCBDF302351D1B500C80CA2 /* Release */ = {
			isa = XCBuildConfiguration;
			buildSettings = {
				ALWAYS_SEARCH_USER_PATHS = NO;
				CLANG_ANALYZER_NONNULL = YES;
				CLANG_ANALYZER_NUMBER_OBJECT_CONVERSION = YES_AGGRESSIVE;
				CLANG_CXX_LANGUAGE_STANDARD = "gnu++14";
				CLANG_CXX_LIBRARY = "libc++";
				CLANG_ENABLE_MODULES = YES;
				CLANG_ENABLE_OBJC_ARC = YES;
				CLANG_ENABLE_OBJC_WEAK = YES;
				CLANG_WARN_BLOCK_CAPTURE_AUTORELEASING = YES;
				CLANG_WARN_BOOL_CONVERSION = YES;
				CLANG_WARN_COMMA = YES;
				CLANG_WARN_CONSTANT_CONVERSION = YES;
				CLANG_WARN_DEPRECATED_OBJC_IMPLEMENTATIONS = YES;
				CLANG_WARN_DIRECT_OBJC_ISA_USAGE = YES_ERROR;
				CLANG_WARN_DOCUMENTATION_COMMENTS = YES;
				CLANG_WARN_EMPTY_BODY = YES;
				CLANG_WARN_ENUM_CONVERSION = YES;
				CLANG_WARN_INFINITE_RECURSION = YES;
				CLANG_WARN_INT_CONVERSION = YES;
				CLANG_WARN_NON_LITERAL_NULL_CONVERSION = YES;
				CLANG_WARN_OBJC_IMPLICIT_RETAIN_SELF = YES;
				CLANG_WARN_OBJC_LITERAL_CONVERSION = YES;
				CLANG_WARN_OBJC_ROOT_CLASS = YES_ERROR;
				CLANG_WARN_RANGE_LOOP_ANALYSIS = YES;
				CLANG_WARN_STRICT_PROTOTYPES = YES;
				CLANG_WARN_SUSPICIOUS_MOVE = YES;
				CLANG_WARN_UNGUARDED_AVAILABILITY = YES_AGGRESSIVE;
				CLANG_WARN_UNREACHABLE_CODE = YES;
				CLANG_WARN__DUPLICATE_METHOD_MATCH = YES;
				COPY_PHASE_STRIP = NO;
				DEBUG_INFORMATION_FORMAT = "dwarf-with-dsym";
				ENABLE_NS_ASSERTIONS = NO;
				ENABLE_STRICT_OBJC_MSGSEND = YES;
				GCC_C_LANGUAGE_STANDARD = gnu11;
				GCC_NO_COMMON_BLOCKS = YES;
				GCC_WARN_64_TO_32_BIT_CONVERSION = YES;
				GCC_WARN_ABOUT_RETURN_TYPE = YES_ERROR;
				GCC_WARN_UNDECLARED_SELECTOR = YES;
				GCC_WARN_UNINITIALIZED_AUTOS = YES_AGGRESSIVE;
				GCC_WARN_UNUSED_FUNCTION = YES;
				GCC_WARN_UNUSED_VARIABLE = YES;
				IPHONEOS_DEPLOYMENT_TARGET = 13.1;
				MTL_ENABLE_DEBUG_INFO = NO;
				MTL_FAST_MATH = YES;
				SDKROOT = iphoneos;
				SWIFT_COMPILATION_MODE = wholemodule;
				SWIFT_OPTIMIZATION_LEVEL = "-O";
				VALIDATE_PRODUCT = YES;
			};
			name = Release;
		};
		8DCBDF322351D1B500C80CA2 /* Debug */ = {
			isa = XCBuildConfiguration;
			buildSettings = {
				ASSETCATALOG_COMPILER_APPICON_NAME = AppIcon;
				CODE_SIGN_STYLE = Automatic;
				DEVELOPMENT_ASSET_PATHS = "\"GymTrainer/Preview Content\"";
				DEVELOPMENT_TEAM = PC8FS8VHSM;
				ENABLE_PREVIEWS = YES;
				INFOPLIST_FILE = GymTrainer/Info.plist;
				IPHONEOS_DEPLOYMENT_TARGET = 13.0;
				LD_RUNPATH_SEARCH_PATHS = (
					"$(inherited)",
					"@executable_path/Frameworks",
				);
				PRODUCT_BUNDLE_IDENTIFIER = "com.dfg-team.GymTrainer";
				PRODUCT_NAME = "$(TARGET_NAME)";
				SWIFT_VERSION = 5.0;
				TARGETED_DEVICE_FAMILY = "1,2";
			};
			name = Debug;
		};
		8DCBDF332351D1B500C80CA2 /* Release */ = {
			isa = XCBuildConfiguration;
			buildSettings = {
				ASSETCATALOG_COMPILER_APPICON_NAME = AppIcon;
				CODE_SIGN_STYLE = Automatic;
				DEVELOPMENT_ASSET_PATHS = "\"GymTrainer/Preview Content\"";
				DEVELOPMENT_TEAM = PC8FS8VHSM;
				ENABLE_PREVIEWS = YES;
				INFOPLIST_FILE = GymTrainer/Info.plist;
				IPHONEOS_DEPLOYMENT_TARGET = 13.0;
				LD_RUNPATH_SEARCH_PATHS = (
					"$(inherited)",
					"@executable_path/Frameworks",
				);
				PRODUCT_BUNDLE_IDENTIFIER = "com.dfg-team.GymTrainer";
				PRODUCT_NAME = "$(TARGET_NAME)";
				SWIFT_VERSION = 5.0;
				TARGETED_DEVICE_FAMILY = "1,2";
			};
			name = Release;
		};
		8DCBDF352351D1B500C80CA2 /* Debug */ = {
			isa = XCBuildConfiguration;
			buildSettings = {
				ALWAYS_EMBED_SWIFT_STANDARD_LIBRARIES = YES;
				BUNDLE_LOADER = "$(TEST_HOST)";
				CODE_SIGN_STYLE = Automatic;
				DEVELOPMENT_TEAM = PC8FS8VHSM;
				INFOPLIST_FILE = GymTrainerTests/Info.plist;
				IPHONEOS_DEPLOYMENT_TARGET = 13.1;
				LD_RUNPATH_SEARCH_PATHS = (
					"$(inherited)",
					"@executable_path/Frameworks",
					"@loader_path/Frameworks",
				);
				PRODUCT_BUNDLE_IDENTIFIER = "com.dfg-team.GymTrainerTests";
				PRODUCT_NAME = "$(TARGET_NAME)";
				SWIFT_VERSION = 5.0;
				TARGETED_DEVICE_FAMILY = "1,2";
				TEST_HOST = "$(BUILT_PRODUCTS_DIR)/GymTrainer.app/GymTrainer";
			};
			name = Debug;
		};
		8DCBDF362351D1B500C80CA2 /* Release */ = {
			isa = XCBuildConfiguration;
			buildSettings = {
				ALWAYS_EMBED_SWIFT_STANDARD_LIBRARIES = YES;
				BUNDLE_LOADER = "$(TEST_HOST)";
				CODE_SIGN_STYLE = Automatic;
				DEVELOPMENT_TEAM = PC8FS8VHSM;
				INFOPLIST_FILE = GymTrainerTests/Info.plist;
				IPHONEOS_DEPLOYMENT_TARGET = 13.1;
				LD_RUNPATH_SEARCH_PATHS = (
					"$(inherited)",
					"@executable_path/Frameworks",
					"@loader_path/Frameworks",
				);
				PRODUCT_BUNDLE_IDENTIFIER = "com.dfg-team.GymTrainerTests";
				PRODUCT_NAME = "$(TARGET_NAME)";
				SWIFT_VERSION = 5.0;
				TARGETED_DEVICE_FAMILY = "1,2";
				TEST_HOST = "$(BUILT_PRODUCTS_DIR)/GymTrainer.app/GymTrainer";
			};
			name = Release;
		};
		8DCBDF382351D1B500C80CA2 /* Debug */ = {
			isa = XCBuildConfiguration;
			buildSettings = {
				ALWAYS_EMBED_SWIFT_STANDARD_LIBRARIES = YES;
				CODE_SIGN_STYLE = Automatic;
				DEVELOPMENT_TEAM = PC8FS8VHSM;
				INFOPLIST_FILE = GymTrainerUITests/Info.plist;
				LD_RUNPATH_SEARCH_PATHS = (
					"$(inherited)",
					"@executable_path/Frameworks",
					"@loader_path/Frameworks",
				);
				PRODUCT_BUNDLE_IDENTIFIER = "com.dfg-team.GymTrainerUITests";
				PRODUCT_NAME = "$(TARGET_NAME)";
				SWIFT_VERSION = 5.0;
				TARGETED_DEVICE_FAMILY = "1,2";
				TEST_TARGET_NAME = GymTrainer;
			};
			name = Debug;
		};
		8DCBDF392351D1B500C80CA2 /* Release */ = {
			isa = XCBuildConfiguration;
			buildSettings = {
				ALWAYS_EMBED_SWIFT_STANDARD_LIBRARIES = YES;
				CODE_SIGN_STYLE = Automatic;
				DEVELOPMENT_TEAM = PC8FS8VHSM;
				INFOPLIST_FILE = GymTrainerUITests/Info.plist;
				LD_RUNPATH_SEARCH_PATHS = (
					"$(inherited)",
					"@executable_path/Frameworks",
					"@loader_path/Frameworks",
				);
				PRODUCT_BUNDLE_IDENTIFIER = "com.dfg-team.GymTrainerUITests";
				PRODUCT_NAME = "$(TARGET_NAME)";
				SWIFT_VERSION = 5.0;
				TARGETED_DEVICE_FAMILY = "1,2";
				TEST_TARGET_NAME = GymTrainer;
			};
			name = Release;
		};
/* End XCBuildConfiguration section */

/* Begin XCConfigurationList section */
		8DCBDEFF2351D1B300C80CA2 /* Build configuration list for PBXProject "GymTrainer" */ = {
			isa = XCConfigurationList;
			buildConfigurations = (
				8DCBDF2F2351D1B500C80CA2 /* Debug */,
				8DCBDF302351D1B500C80CA2 /* Release */,
			);
			defaultConfigurationIsVisible = 0;
			defaultConfigurationName = Release;
		};
		8DCBDF312351D1B500C80CA2 /* Build configuration list for PBXNativeTarget "GymTrainer" */ = {
			isa = XCConfigurationList;
			buildConfigurations = (
				8DCBDF322351D1B500C80CA2 /* Debug */,
				8DCBDF332351D1B500C80CA2 /* Release */,
			);
			defaultConfigurationIsVisible = 0;
			defaultConfigurationName = Release;
		};
		8DCBDF342351D1B500C80CA2 /* Build configuration list for PBXNativeTarget "GymTrainerTests" */ = {
			isa = XCConfigurationList;
			buildConfigurations = (
				8DCBDF352351D1B500C80CA2 /* Debug */,
				8DCBDF362351D1B500C80CA2 /* Release */,
			);
			defaultConfigurationIsVisible = 0;
			defaultConfigurationName = Release;
		};
		8DCBDF372351D1B500C80CA2 /* Build configuration list for PBXNativeTarget "GymTrainerUITests" */ = {
			isa = XCConfigurationList;
			buildConfigurations = (
				8DCBDF382351D1B500C80CA2 /* Debug */,
				8DCBDF392351D1B500C80CA2 /* Release */,
			);
			defaultConfigurationIsVisible = 0;
			defaultConfigurationName = Release;
		};
/* End XCConfigurationList section */

/* Begin XCVersionGroup section */
		8DCBDF0B2351D1B300C80CA2 /* GymTrainer.xcdatamodeld */ = {
			isa = XCVersionGroup;
			children = (
				8DCBDF0C2351D1B300C80CA2 /* GymTrainer.xcdatamodel */,
			);
			currentVersion = 8DCBDF0C2351D1B300C80CA2 /* GymTrainer.xcdatamodel */;
			path = GymTrainer.xcdatamodeld;
			sourceTree = "<group>";
			versionGroupType = wrapper.xcdatamodel;
		};
/* End XCVersionGroup section */
	};
	rootObject = 8DCBDEFC2351D1B300C80CA2 /* Project object */;
}
